// !$*UTF8*$!
{
	archiveVersion = 1;
	classes = {
	};
	objectVersion = 46;
	objects = {

/* Begin PBXBuildFile section */
		D04515991AC76227000CE886 /* blank-blackboard.png in Resources */ = {isa = PBXBuildFile; fileRef = D04515981AC76227000CE886 /* blank-blackboard.png */; };
		D045159B1AC762AD000CE886 /* images-2.jpeg in Resources */ = {isa = PBXBuildFile; fileRef = D045159A1AC762AD000CE886 /* images-2.jpeg */; };
		D045159F1AC76F12000CE886 /* HomeViewController.swift in Sources */ = {isa = PBXBuildFile; fileRef = D045159E1AC76F12000CE886 /* HomeViewController.swift */; };
		D04515A11AC76F1C000CE886 /* WorkViewController.swift in Sources */ = {isa = PBXBuildFile; fileRef = D04515A01AC76F1C000CE886 /* WorkViewController.swift */; };
		D04515A31AC76F27000CE886 /* SchoolViewController.swift in Sources */ = {isa = PBXBuildFile; fileRef = D04515A21AC76F27000CE886 /* SchoolViewController.swift */; };
		D04515A51AC77243000CE886 /* Park.png in Resources */ = {isa = PBXBuildFile; fileRef = D04515A41AC77243000CE886 /* Park.png */; };
		D04515A71AC7802D000CE886 /* images-21.jpeg in Resources */ = {isa = PBXBuildFile; fileRef = D04515A61AC7802D000CE886 /* images-21.jpeg */; };
		D04515A91AC7CB37000CE886 /* goodjob.png in Resources */ = {isa = PBXBuildFile; fileRef = D04515A81AC7CB37000CE886 /* goodjob.png */; };
		D04515AB1AC7F07F000CE886 /* checkmark.png in Resources */ = {isa = PBXBuildFile; fileRef = D04515AA1AC7F07F000CE886 /* checkmark.png */; };
		D04515AD1AC80CBC000CE886 /* chalkboard-chalk-eraser1.png in Resources */ = {isa = PBXBuildFile; fileRef = D04515AC1AC80CBC000CE886 /* chalkboard-chalk-eraser1.png */; };
		D04515AF1AC80DA4000CE886 /* chalkboard-chalk-eraser12.png in Resources */ = {isa = PBXBuildFile; fileRef = D04515AE1AC80DA4000CE886 /* chalkboard-chalk-eraser12.png */; };
		D04515B11AC80F11000CE886 /* chalkboard-chalk-eraser 4.png in Resources */ = {isa = PBXBuildFile; fileRef = D04515B01AC80F11000CE886 /* chalkboard-chalk-eraser 4.png */; };
		D04515B31AC80F19000CE886 /* chalkboard-chalk-eraser 3.png in Resources */ = {isa = PBXBuildFile; fileRef = D04515B21AC80F19000CE886 /* chalkboard-chalk-eraser 3.png */; };
		D04515B51AC814E8000CE886 /* chalkboard-chalk-eraser5.png in Resources */ = {isa = PBXBuildFile; fileRef = D04515B41AC814E8000CE886 /* chalkboard-chalk-eraser5.png */; };
		D04515BB1AC83A92000CE886 /* white-board-background-hi.png in Resources */ = {isa = PBXBuildFile; fileRef = D04515BA1AC83A92000CE886 /* white-board-background-hi.png */; };
		D06F17ED1AC738AA00EC6DF7 /* AppDelegate.swift in Sources */ = {isa = PBXBuildFile; fileRef = D06F17EC1AC738AA00EC6DF7 /* AppDelegate.swift */; };
		D06F17EF1AC738AA00EC6DF7 /* ViewController.swift in Sources */ = {isa = PBXBuildFile; fileRef = D06F17EE1AC738AA00EC6DF7 /* ViewController.swift */; };
		D06F17F21AC738AA00EC6DF7 /* Main.storyboard in Resources */ = {isa = PBXBuildFile; fileRef = D06F17F01AC738AA00EC6DF7 /* Main.storyboard */; };
		D06F17F41AC738AA00EC6DF7 /* Images.xcassets in Resources */ = {isa = PBXBuildFile; fileRef = D06F17F31AC738AA00EC6DF7 /* Images.xcassets */; };
		D06F17F71AC738AA00EC6DF7 /* LaunchScreen.xib in Resources */ = {isa = PBXBuildFile; fileRef = D06F17F51AC738AA00EC6DF7 /* LaunchScreen.xib */; };
		D06F18031AC738AA00EC6DF7 /* VisualScheduleTests.swift in Sources */ = {isa = PBXBuildFile; fileRef = D06F18021AC738AA00EC6DF7 /* VisualScheduleTests.swift */; };
		D06F180E1AC73CBA00EC6DF7 /* sticky_notes.png in Resources */ = {isa = PBXBuildFile; fileRef = D06F180D1AC73CBA00EC6DF7 /* sticky_notes.png */; };
		D06F18111AC74A5C00EC6DF7 /* MainViewController.swift in Sources */ = {isa = PBXBuildFile; fileRef = D06F18101AC74A5C00EC6DF7 /* MainViewController.swift */; };
		D06F18131AC7560A00EC6DF7 /* chalkboard.png in Resources */ = {isa = PBXBuildFile; fileRef = D06F18121AC7560A00EC6DF7 /* chalkboard.png */; };
		D06F18151AC7586C00EC6DF7 /* chalkboard-chalk-eraser.png in Resources */ = {isa = PBXBuildFile; fileRef = D06F18141AC7586C00EC6DF7 /* chalkboard-chalk-eraser.png */; };
		D06F18171AC75C6A00EC6DF7 /* House.png in Resources */ = {isa = PBXBuildFile; fileRef = D06F18161AC75C6A00EC6DF7 /* House.png */; };
		D06F18191AC75C7000EC6DF7 /* Tools.png in Resources */ = {isa = PBXBuildFile; fileRef = D06F18181AC75C7000EC6DF7 /* Tools.png */; };
		D06F181B1AC75C7600EC6DF7 /* apples.png in Resources */ = {isa = PBXBuildFile; fileRef = D06F181A1AC75C7600EC6DF7 /* apples.png */; };
/* End PBXBuildFile section */

/* Begin PBXContainerItemProxy section */
		D06F17FD1AC738AA00EC6DF7 /* PBXContainerItemProxy */ = {
			isa = PBXContainerItemProxy;
			containerPortal = D06F17DF1AC738AA00EC6DF7 /* Project object */;
			proxyType = 1;
			remoteGlobalIDString = D06F17E61AC738AA00EC6DF7;
			remoteInfo = VisualSchedule;
		};
/* End PBXContainerItemProxy section */

/* Begin PBXFileReference section */
		D04515981AC76227000CE886 /* blank-blackboard.png */ = {isa = PBXFileReference; lastKnownFileType = image.png; path = "blank-blackboard.png"; sourceTree = "<group>"; };
		D045159A1AC762AD000CE886 /* images-2.jpeg */ = {isa = PBXFileReference; lastKnownFileType = image.jpeg; path = "images-2.jpeg"; sourceTree = "<group>"; };
		D045159E1AC76F12000CE886 /* HomeViewController.swift */ = {isa = PBXFileReference; fileEncoding = 4; lastKnownFileType = sourcecode.swift; path = HomeViewController.swift; sourceTree = "<group>"; };
		D04515A01AC76F1C000CE886 /* WorkViewController.swift */ = {isa = PBXFileReference; fileEncoding = 4; lastKnownFileType = sourcecode.swift; path = WorkViewController.swift; sourceTree = "<group>"; };
		D04515A21AC76F27000CE886 /* SchoolViewController.swift */ = {isa = PBXFileReference; fileEncoding = 4; lastKnownFileType = sourcecode.swift; path = SchoolViewController.swift; sourceTree = "<group>"; };
		D04515A41AC77243000CE886 /* Park.png */ = {isa = PBXFileReference; lastKnownFileType = image.png; path = Park.png; sourceTree = "<group>"; };
		D04515A61AC7802D000CE886 /* images-21.jpeg */ = {isa = PBXFileReference; lastKnownFileType = image.jpeg; path = "images-21.jpeg"; sourceTree = "<group>"; };
		D04515A81AC7CB37000CE886 /* goodjob.png */ = {isa = PBXFileReference; lastKnownFileType = image.png; path = goodjob.png; sourceTree = "<group>"; };
		D04515AA1AC7F07F000CE886 /* checkmark.png */ = {isa = PBXFileReference; lastKnownFileType = image.png; path = checkmark.png; sourceTree = "<group>"; };
		D04515AC1AC80CBC000CE886 /* chalkboard-chalk-eraser1.png */ = {isa = PBXFileReference; lastKnownFileType = image.png; path = "chalkboard-chalk-eraser1.png"; sourceTree = "<group>"; };
		D04515AE1AC80DA4000CE886 /* chalkboard-chalk-eraser12.png */ = {isa = PBXFileReference; lastKnownFileType = image.png; path = "chalkboard-chalk-eraser12.png"; sourceTree = "<group>"; };
		D04515B01AC80F11000CE886 /* chalkboard-chalk-eraser 4.png */ = {isa = PBXFileReference; lastKnownFileType = image.png; path = "chalkboard-chalk-eraser 4.png"; sourceTree = "<group>"; };
		D04515B21AC80F19000CE886 /* chalkboard-chalk-eraser 3.png */ = {isa = PBXFileReference; lastKnownFileType = image.png; path = "chalkboard-chalk-eraser 3.png"; sourceTree = "<group>"; };
		D04515B41AC814E8000CE886 /* chalkboard-chalk-eraser5.png */ = {isa = PBXFileReference; lastKnownFileType = image.png; path = "chalkboard-chalk-eraser5.png"; sourceTree = "<group>"; };
		D04515BA1AC83A92000CE886 /* white-board-background-hi.png */ = {isa = PBXFileReference; lastKnownFileType = image.png; path = "white-board-background-hi.png"; sourceTree = "<group>"; };
		D06F17E71AC738AA00EC6DF7 /* VisualSchedule.app */ = {isa = PBXFileReference; explicitFileType = wrapper.application; includeInIndex = 0; path = VisualSchedule.app; sourceTree = BUILT_PRODUCTS_DIR; };
		D06F17EB1AC738AA00EC6DF7 /* Info.plist */ = {isa = PBXFileReference; lastKnownFileType = text.plist.xml; path = Info.plist; sourceTree = "<group>"; };
		D06F17EC1AC738AA00EC6DF7 /* AppDelegate.swift */ = {isa = PBXFileReference; lastKnownFileType = sourcecode.swift; path = AppDelegate.swift; sourceTree = "<group>"; };
		D06F17EE1AC738AA00EC6DF7 /* ViewController.swift */ = {isa = PBXFileReference; lastKnownFileType = sourcecode.swift; path = ViewController.swift; sourceTree = "<group>"; };
		D06F17F11AC738AA00EC6DF7 /* Base */ = {isa = PBXFileReference; lastKnownFileType = file.storyboard; name = Base; path = Base.lproj/Main.storyboard; sourceTree = "<group>"; };
		D06F17F31AC738AA00EC6DF7 /* Images.xcassets */ = {isa = PBXFileReference; lastKnownFileType = folder.assetcatalog; path = Images.xcassets; sourceTree = "<group>"; };
		D06F17F61AC738AA00EC6DF7 /* Base */ = {isa = PBXFileReference; lastKnownFileType = file.xib; name = Base; path = Base.lproj/LaunchScreen.xib; sourceTree = "<group>"; };
		D06F17FC1AC738AA00EC6DF7 /* VisualScheduleTests.xctest */ = {isa = PBXFileReference; explicitFileType = wrapper.cfbundle; includeInIndex = 0; path = VisualScheduleTests.xctest; sourceTree = BUILT_PRODUCTS_DIR; };
		D06F18011AC738AA00EC6DF7 /* Info.plist */ = {isa = PBXFileReference; lastKnownFileType = text.plist.xml; path = Info.plist; sourceTree = "<group>"; };
		D06F18021AC738AA00EC6DF7 /* VisualScheduleTests.swift */ = {isa = PBXFileReference; lastKnownFileType = sourcecode.swift; path = VisualScheduleTests.swift; sourceTree = "<group>"; };
		D06F180D1AC73CBA00EC6DF7 /* sticky_notes.png */ = {isa = PBXFileReference; lastKnownFileType = image.png; path = sticky_notes.png; sourceTree = "<group>"; };
		D06F18101AC74A5C00EC6DF7 /* MainViewController.swift */ = {isa = PBXFileReference; fileEncoding = 4; lastKnownFileType = sourcecode.swift; path = MainViewController.swift; sourceTree = "<group>"; };
		D06F18121AC7560A00EC6DF7 /* chalkboard.png */ = {isa = PBXFileReference; lastKnownFileType = image.png; path = chalkboard.png; sourceTree = "<group>"; };
		D06F18141AC7586C00EC6DF7 /* chalkboard-chalk-eraser.png */ = {isa = PBXFileReference; lastKnownFileType = image.png; path = "chalkboard-chalk-eraser.png"; sourceTree = "<group>"; };
		D06F18161AC75C6A00EC6DF7 /* House.png */ = {isa = PBXFileReference; lastKnownFileType = image.png; path = House.png; sourceTree = "<group>"; };
		D06F18181AC75C7000EC6DF7 /* Tools.png */ = {isa = PBXFileReference; lastKnownFileType = image.png; path = Tools.png; sourceTree = "<group>"; };
		D06F181A1AC75C7600EC6DF7 /* apples.png */ = {isa = PBXFileReference; lastKnownFileType = image.png; path = apples.png; sourceTree = "<group>"; };
/* End PBXFileReference section */

/* Begin PBXFrameworksBuildPhase section */
		D06F17E41AC738AA00EC6DF7 /* Frameworks */ = {
			isa = PBXFrameworksBuildPhase;
			buildActionMask = 2147483647;
			files = (
			);
			runOnlyForDeploymentPostprocessing = 0;
		};
		D06F17F91AC738AA00EC6DF7 /* Frameworks */ = {
			isa = PBXFrameworksBuildPhase;
			buildActionMask = 2147483647;
			files = (
			);
			runOnlyForDeploymentPostprocessing = 0;
		};
/* End PBXFrameworksBuildPhase section */

/* Begin PBXGroup section */
		D06F17DE1AC738AA00EC6DF7 = {
			isa = PBXGroup;
			children = (
				D06F17E91AC738AA00EC6DF7 /* VisualSchedule */,
				D06F180C1AC73CA900EC6DF7 /* Resources */,
				D06F17FF1AC738AA00EC6DF7 /* VisualScheduleTests */,
				D06F17E81AC738AA00EC6DF7 /* Products */,
			);
			sourceTree = "<group>";
		};
		D06F17E81AC738AA00EC6DF7 /* Products */ = {
			isa = PBXGroup;
			children = (
				D06F17E71AC738AA00EC6DF7 /* VisualSchedule.app */,
				D06F17FC1AC738AA00EC6DF7 /* VisualScheduleTests.xctest */,
			);
			name = Products;
			sourceTree = "<group>";
		};
		D06F17E91AC738AA00EC6DF7 /* VisualSchedule */ = {
			isa = PBXGroup;
			children = (
				D06F17EC1AC738AA00EC6DF7 /* AppDelegate.swift */,
				D06F17EE1AC738AA00EC6DF7 /* ViewController.swift */,
				D06F18101AC74A5C00EC6DF7 /* MainViewController.swift */,
				D045159E1AC76F12000CE886 /* HomeViewController.swift */,
				D04515A01AC76F1C000CE886 /* WorkViewController.swift */,
				D04515A21AC76F27000CE886 /* SchoolViewController.swift */,
				D06F17F01AC738AA00EC6DF7 /* Main.storyboard */,
				D06F17F31AC738AA00EC6DF7 /* Images.xcassets */,
				D06F17F51AC738AA00EC6DF7 /* LaunchScreen.xib */,
				D06F17EA1AC738AA00EC6DF7 /* Supporting Files */,
			);
			path = VisualSchedule;
			sourceTree = "<group>";
		};
		D06F17EA1AC738AA00EC6DF7 /* Supporting Files */ = {
			isa = PBXGroup;
			children = (
				D06F17EB1AC738AA00EC6DF7 /* Info.plist */,
			);
			name = "Supporting Files";
			sourceTree = "<group>";
		};
		D06F17FF1AC738AA00EC6DF7 /* VisualScheduleTests */ = {
			isa = PBXGroup;
			children = (
				D06F18021AC738AA00EC6DF7 /* VisualScheduleTests.swift */,
				D06F18001AC738AA00EC6DF7 /* Supporting Files */,
			);
			path = VisualScheduleTests;
			sourceTree = "<group>";
		};
		D06F18001AC738AA00EC6DF7 /* Supporting Files */ = {
			isa = PBXGroup;
			children = (
				D06F18011AC738AA00EC6DF7 /* Info.plist */,
			);
			name = "Supporting Files";
			sourceTree = "<group>";
		};
		D06F180C1AC73CA900EC6DF7 /* Resources */ = {
			isa = PBXGroup;
			children = (
				D04515A61AC7802D000CE886 /* images-21.jpeg */,
				D04515B41AC814E8000CE886 /* chalkboard-chalk-eraser5.png */,
				D06F18181AC75C7000EC6DF7 /* Tools.png */,
				D04515AC1AC80CBC000CE886 /* chalkboard-chalk-eraser1.png */,
				D04515B01AC80F11000CE886 /* chalkboard-chalk-eraser 4.png */,
				D04515A81AC7CB37000CE886 /* goodjob.png */,
				D04515AE1AC80DA4000CE886 /* chalkboard-chalk-eraser12.png */,
				D04515BA1AC83A92000CE886 /* white-board-background-hi.png */,
				D06F18141AC7586C00EC6DF7 /* chalkboard-chalk-eraser.png */,
				D06F18121AC7560A00EC6DF7 /* chalkboard.png */,
				D04515A41AC77243000CE886 /* Park.png */,
				D04515AA1AC7F07F000CE886 /* checkmark.png */,
				D04515981AC76227000CE886 /* blank-blackboard.png */,
				D06F181A1AC75C7600EC6DF7 /* apples.png */,
				D04515B21AC80F19000CE886 /* chalkboard-chalk-eraser 3.png */,
				D045159A1AC762AD000CE886 /* images-2.jpeg */,
				D06F18161AC75C6A00EC6DF7 /* House.png */,
				D06F180D1AC73CBA00EC6DF7 /* sticky_notes.png */,
			);
			name = Resources;
			sourceTree = "<group>";
		};
/* End PBXGroup section */

/* Begin PBXNativeTarget section */
		D06F17E61AC738AA00EC6DF7 /* VisualSchedule */ = {
			isa = PBXNativeTarget;
			buildConfigurationList = D06F18061AC738AA00EC6DF7 /* Build configuration list for PBXNativeTarget "VisualSchedule" */;
			buildPhases = (
				D06F17E31AC738AA00EC6DF7 /* Sources */,
				D06F17E41AC738AA00EC6DF7 /* Frameworks */,
				D06F17E51AC738AA00EC6DF7 /* Resources */,
			);
			buildRules = (
			);
			dependencies = (
			);
			name = VisualSchedule;
			productName = VisualSchedule;
			productReference = D06F17E71AC738AA00EC6DF7 /* VisualSchedule.app */;
			productType = "com.apple.product-type.application";
		};
		D06F17FB1AC738AA00EC6DF7 /* VisualScheduleTests */ = {
			isa = PBXNativeTarget;
			buildConfigurationList = D06F18091AC738AA00EC6DF7 /* Build configuration list for PBXNativeTarget "VisualScheduleTests" */;
			buildPhases = (
				D06F17F81AC738AA00EC6DF7 /* Sources */,
				D06F17F91AC738AA00EC6DF7 /* Frameworks */,
				D06F17FA1AC738AA00EC6DF7 /* Resources */,
			);
			buildRules = (
			);
			dependencies = (
				D06F17FE1AC738AA00EC6DF7 /* PBXTargetDependency */,
			);
			name = VisualScheduleTests;
			productName = VisualScheduleTests;
			productReference = D06F17FC1AC738AA00EC6DF7 /* VisualScheduleTests.xctest */;
			productType = "com.apple.product-type.bundle.unit-test";
		};
/* End PBXNativeTarget section */

/* Begin PBXProject section */
		D06F17DF1AC738AA00EC6DF7 /* Project object */ = {
			isa = PBXProject;
			attributes = {
				LastUpgradeCheck = 0620;
				ORGANIZATIONNAME = "Matsnev Studios";
				TargetAttributes = {
					D06F17E61AC738AA00EC6DF7 = {
						CreatedOnToolsVersion = 6.2;
					};
					D06F17FB1AC738AA00EC6DF7 = {
						CreatedOnToolsVersion = 6.2;
						TestTargetID = D06F17E61AC738AA00EC6DF7;
					};
				};
			};
			buildConfigurationList = D06F17E21AC738AA00EC6DF7 /* Build configuration list for PBXProject "VisualSchedule" */;
			compatibilityVersion = "Xcode 3.2";
			developmentRegion = English;
			hasScannedForEncodings = 0;
			knownRegions = (
				en,
				Base,
			);
			mainGroup = D06F17DE1AC738AA00EC6DF7;
			productRefGroup = D06F17E81AC738AA00EC6DF7 /* Products */;
			projectDirPath = "";
			projectRoot = "";
			targets = (
				D06F17E61AC738AA00EC6DF7 /* VisualSchedule */,
				D06F17FB1AC738AA00EC6DF7 /* VisualScheduleTests */,
			);
		};
/* End PBXProject section */

/* Begin PBXResourcesBuildPhase section */
		D06F17E51AC738AA00EC6DF7 /* Resources */ = {
			isa = PBXResourcesBuildPhase;
			buildActionMask = 2147483647;
			files = (
				D04515B31AC80F19000CE886 /* chalkboard-chalk-eraser 3.png in Resources */,
				D04515B11AC80F11000CE886 /* chalkboard-chalk-eraser 4.png in Resources */,
				D06F18131AC7560A00EC6DF7 /* chalkboard.png in Resources */,
				D04515A71AC7802D000CE886 /* images-21.jpeg in Resources */,
				D04515BB1AC83A92000CE886 /* white-board-background-hi.png in Resources */,
				D06F181B1AC75C7600EC6DF7 /* apples.png in Resources */,
				D06F17F21AC738AA00EC6DF7 /* Main.storyboard in Resources */,
				D04515991AC76227000CE886 /* blank-blackboard.png in Resources */,
				D06F18151AC7586C00EC6DF7 /* chalkboard-chalk-eraser.png in Resources */,
				D06F17F71AC738AA00EC6DF7 /* LaunchScreen.xib in Resources */,
				D06F18171AC75C6A00EC6DF7 /* House.png in Resources */,
				D04515B51AC814E8000CE886 /* chalkboard-chalk-eraser5.png in Resources */,
				D04515AF1AC80DA4000CE886 /* chalkboard-chalk-eraser12.png in Resources */,
				D06F18191AC75C7000EC6DF7 /* Tools.png in Resources */,
				D045159B1AC762AD000CE886 /* images-2.jpeg in Resources */,
				D04515AD1AC80CBC000CE886 /* chalkboard-chalk-eraser1.png in Resources */,
				D04515A91AC7CB37000CE886 /* goodjob.png in Resources */,
				D04515AB1AC7F07F000CE886 /* checkmark.png in Resources */,
				D04515A51AC77243000CE886 /* Park.png in Resources */,
				D06F180E1AC73CBA00EC6DF7 /* sticky_notes.png in Resources */,
				D06F17F41AC738AA00EC6DF7 /* Images.xcassets in Resources */,
			);
			runOnlyForDeploymentPostprocessing = 0;
		};
		D06F17FA1AC738AA00EC6DF7 /* Resources */ = {
			isa = PBXResourcesBuildPhase;
			buildActionMask = 2147483647;
			files = (
			);
			runOnlyForDeploymentPostprocessing = 0;
		};
/* End PBXResourcesBuildPhase section */

/* Begin PBXSourcesBuildPhase section */
		D06F17E31AC738AA00EC6DF7 /* Sources */ = {
			isa = PBXSourcesBuildPhase;
			buildActionMask = 2147483647;
			files = (
				D04515A11AC76F1C000CE886 /* WorkViewController.swift in Sources */,
				D06F18111AC74A5C00EC6DF7 /* MainViewController.swift in Sources */,
				D04515A31AC76F27000CE886 /* SchoolViewController.swift in Sources */,
				D06F17EF1AC738AA00EC6DF7 /* ViewController.swift in Sources */,
				D06F17ED1AC738AA00EC6DF7 /* AppDelegate.swift in Sources */,
				D045159F1AC76F12000CE886 /* HomeViewController.swift in Sources */,
			);
			runOnlyForDeploymentPostprocessing = 0;
		};
		D06F17F81AC738AA00EC6DF7 /* Sources */ = {
			isa = PBXSourcesBuildPhase;
			buildActionMask = 2147483647;
			files = (
				D06F18031AC738AA00EC6DF7 /* VisualScheduleTests.swift in Sources */,
			);
			runOnlyForDeploymentPostprocessing = 0;
		};
/* End PBXSourcesBuildPhase section */

/* Begin PBXTargetDependency section */
		D06F17FE1AC738AA00EC6DF7 /* PBXTargetDependency */ = {
			isa = PBXTargetDependency;
			target = D06F17E61AC738AA00EC6DF7 /* VisualSchedule */;
			targetProxy = D06F17FD1AC738AA00EC6DF7 /* PBXContainerItemProxy */;
		};
/* End PBXTargetDependency section */

/* Begin PBXVariantGroup section */
		D06F17F01AC738AA00EC6DF7 /* Main.storyboard */ = {
			isa = PBXVariantGroup;
			children = (
				D06F17F11AC738AA00EC6DF7 /* Base */,
			);
			name = Main.storyboard;
			sourceTree = "<group>";
		};
		D06F17F51AC738AA00EC6DF7 /* LaunchScreen.xib */ = {
			isa = PBXVariantGroup;
			children = (
				D06F17F61AC738AA00EC6DF7 /* Base */,
			);
			name = LaunchScreen.xib;
			sourceTree = "<group>";
		};
/* End PBXVariantGroup section */

/* Begin XCBuildConfiguration section */
		D06F18041AC738AA00EC6DF7 /* Debug */ = {
			isa = XCBuildConfiguration;
			buildSettings = {
				ALWAYS_SEARCH_USER_PATHS = NO;
				CLANG_CXX_LANGUAGE_STANDARD = "gnu++0x";
				CLANG_CXX_LIBRARY = "libc++";
				CLANG_ENABLE_MODULES = YES;
				CLANG_ENABLE_OBJC_ARC = YES;
				CLANG_WARN_BOOL_CONVERSION = YES;
				CLANG_WARN_CONSTANT_CONVERSION = YES;
				CLANG_WARN_DIRECT_OBJC_ISA_USAGE = YES_ERROR;
				CLANG_WARN_EMPTY_BODY = YES;
				CLANG_WARN_ENUM_CONVERSION = YES;
				CLANG_WARN_INT_CONVERSION = YES;
				CLANG_WARN_OBJC_ROOT_CLASS = YES_ERROR;
				CLANG_WARN_UNREACHABLE_CODE = YES;
				CLANG_WARN__DUPLICATE_METHOD_MATCH = YES;
				"CODE_SIGN_IDENTITY[sdk=iphoneos*]" = "iPhone Developer";
				COPY_PHASE_STRIP = NO;
				ENABLE_STRICT_OBJC_MSGSEND = YES;
				GCC_C_LANGUAGE_STANDARD = gnu99;
				GCC_DYNAMIC_NO_PIC = NO;
				GCC_OPTIMIZATION_LEVEL = 0;
				GCC_PREPROCESSOR_DEFINITIONS = (
					"DEBUG=1",
					"$(inherited)",
				);
				GCC_SYMBOLS_PRIVATE_EXTERN = NO;
				GCC_WARN_64_TO_32_BIT_CONVERSION = YES;
				GCC_WARN_ABOUT_RETURN_TYPE = YES_ERROR;
				GCC_WARN_UNDECLARED_SELECTOR = YES;
				GCC_WARN_UNINITIALIZED_AUTOS = YES_AGGRESSIVE;
				GCC_WARN_UNUSED_FUNCTION = YES;
				GCC_WARN_UNUSED_VARIABLE = YES;
				IPHONEOS_DEPLOYMENT_TARGET = 8.2;
				MTL_ENABLE_DEBUG_INFO = YES;
				ONLY_ACTIVE_ARCH = YES;
				SDKROOT = iphoneos;
				SWIFT_OPTIMIZATION_LEVEL = "-Onone";
				TARGETED_DEVICE_FAMILY = "1,2";
			};
			name = Debug;
		};
		D06F18051AC738AA00EC6DF7 /* Release */ = {
			isa = XCBuildConfiguration;
			buildSettings = {
				ALWAYS_SEARCH_USER_PATHS = NO;
				CLANG_CXX_LANGUAGE_STANDARD = "gnu++0x";
				CLANG_CXX_LIBRARY = "libc++";
				CLANG_ENABLE_MODULES = YES;
				CLANG_ENABLE_OBJC_ARC = YES;
				CLANG_WARN_BOOL_CONVERSION = YES;
				CLANG_WARN_CONSTANT_CONVERSION = YES;
				CLANG_WARN_DIRECT_OBJC_ISA_USAGE = YES_ERROR;
				CLANG_WARN_EMPTY_BODY = YES;
				CLANG_WARN_ENUM_CONVERSION = YES;
				CLANG_WARN_INT_CONVERSION = YES;
				CLANG_WARN_OBJC_ROOT_CLASS = YES_ERROR;
				CLANG_WARN_UNREACHABLE_CODE = YES;
				CLANG_WARN__DUPLICATE_METHOD_MATCH = YES;
				"CODE_SIGN_IDENTITY[sdk=iphoneos*]" = "iPhone Developer";
				COPY_PHASE_STRIP = NO;
				ENABLE_NS_ASSERTIONS = NO;
				ENABLE_STRICT_OBJC_MSGSEND = YES;
				GCC_C_LANGUAGE_STANDARD = gnu99;
				GCC_WARN_64_TO_32_BIT_CONVERSION = YES;
				GCC_WARN_ABOUT_RETURN_TYPE = YES_ERROR;
				GCC_WARN_UNDECLARED_SELECTOR = YES;
				GCC_WARN_UNINITIALIZED_AUTOS = YES_AGGRESSIVE;
				GCC_WARN_UNUSED_FUNCTION = YES;
				GCC_WARN_UNUSED_VARIABLE = YES;
				IPHONEOS_DEPLOYMENT_TARGET = 8.2;
				MTL_ENABLE_DEBUG_INFO = NO;
				SDKROOT = iphoneos;
				TARGETED_DEVICE_FAMILY = "1,2";
				VALIDATE_PRODUCT = YES;
			};
			name = Release;
		};
		D06F18071AC738AA00EC6DF7 /* Debug */ = {
			isa = XCBuildConfiguration;
			buildSettings = {
				ASSETCATALOG_COMPILER_APPICON_NAME = AppIcon;
				INFOPLIST_FILE = VisualSchedule/Info.plist;
				IPHONEOS_DEPLOYMENT_TARGET = 7.0;
				LD_RUNPATH_SEARCH_PATHS = "$(inherited) @executable_path/Frameworks";
				PRODUCT_NAME = "$(TARGET_NAME)";
			};
			name = Debug;
		};
		D06F18081AC738AA00EC6DF7 /* Release */ = {
			isa = XCBuildConfiguration;
			buildSettings = {
				ASSETCATALOG_COMPILER_APPICON_NAME = AppIcon;
				INFOPLIST_FILE = VisualSchedule/Info.plist;
				IPHONEOS_DEPLOYMENT_TARGET = 7.0;
				LD_RUNPATH_SEARCH_PATHS = "$(inherited) @executable_path/Frameworks";
				PRODUCT_NAME = "$(TARGET_NAME)";
			};
			name = Release;
		};
		D06F180A1AC738AA00EC6DF7 /* Debug */ = {
			isa = XCBuildConfiguration;
			buildSettings = {
				BUNDLE_LOADER = "$(TEST_HOST)";
				FRAMEWORK_SEARCH_PATHS = (
					"$(SDKROOT)/Developer/Library/Frameworks",
					"$(inherited)",
				);
				GCC_PREPROCESSOR_DEFINITIONS = (
					"DEBUG=1",
					"$(inherited)",
				);
				INFOPLIST_FILE = VisualScheduleTests/Info.plist;
				LD_RUNPATH_SEARCH_PATHS = "$(inherited) @executable_path/Frameworks @loader_path/Frameworks";
				PRODUCT_NAME = "$(TARGET_NAME)";
				TEST_HOST = "$(BUILT_PRODUCTS_DIR)/VisualSchedule.app/VisualSchedule";
			};
			name = Debug;
		};
		D06F180B1AC738AA00EC6DF7 /* Release */ = {
			isa = XCBuildConfiguration;
			buildSettings = {
				BUNDLE_LOADER = "$(TEST_HOST)";
				FRAMEWORK_SEARCH_PATHS = (
					"$(SDKROOT)/Developer/Library/Frameworks",
					"$(inherited)",
				);
				INFOPLIST_FILE = VisualScheduleTests/Info.plist;
				LD_RUNPATH_SEARCH_PATHS = "$(inherited) @executable_path/Frameworks @loader_path/Frameworks";
				PRODUCT_NAME = "$(TARGET_NAME)";
				TEST_HOST = "$(BUILT_PRODUCTS_DIR)/VisualSchedule.app/VisualSchedule";
			};
			name = Release;
		};
/* End XCBuildConfiguration section */

/* Begin XCConfigurationList section */
		D06F17E21AC738AA00EC6DF7 /* Build configuration list for PBXProject "VisualSchedule" */ = {
			isa = XCConfigurationList;
			buildConfigurations = (
				D06F18041AC738AA00EC6DF7 /* Debug */,
				D06F18051AC738AA00EC6DF7 /* Release */,
			);
			defaultConfigurationIsVisible = 0;
			defaultConfigurationName = Release;
		};
		D06F18061AC738AA00EC6DF7 /* Build configuration list for PBXNativeTarget "VisualSchedule" */ = {
			isa = XCConfigurationList;
			buildConfigurations = (
				D06F18071AC738AA00EC6DF7 /* Debug */,
				D06F18081AC738AA00EC6DF7 /* Release */,
			);
			defaultConfigurationIsVisible = 0;
			defaultConfigurationName = Release;
		};
		D06F18091AC738AA00EC6DF7 /* Build configuration list for PBXNativeTarget "VisualScheduleTests" */ = {
			isa = XCConfigurationList;
			buildConfigurations = (
				D06F180A1AC738AA00EC6DF7 /* Debug */,
				D06F180B1AC738AA00EC6DF7 /* Release */,
			);
			defaultConfigurationIsVisible = 0;
			defaultConfigurationName = Release;
		};
/* End XCConfigurationList section */
	};
	rootObject = D06F17DF1AC738AA00EC6DF7 /* Project object */;
}
